
Microsoft Visual Studio Solution File, Format Version 12.00
# Visual Studio Version 16
VisualStudioVersion = 16.0.810.21
MinimumVisualStudioVersion = 10.0.40219.1
Project("{FAE04EC0-301F-11D3-BF4B-00C04F79EFBC}") = "gRPCserver", "gRPCserver\gRPCserver.csproj", "{BC1B3697-2F79-417C-9C1C-909B81BA7CC2}"
EndProject
Project("{FAE04EC0-301F-11D3-BF4B-00C04F79EFBC}") = "gRPCclient", "gRPCclient\gRPCclient.csproj", "{EB8EEE36-EB3C-4ABA-A9BC-67AEB4FB2F23}"
EndProject
Global
	GlobalSection(SolutionConfigurationPlatforms) = preSolution
		Debug|Any CPU = Debug|Any CPU
		Release|Any CPU = Release|Any CPU
	EndGlobalSection
	GlobalSection(ProjectConfigurationPlatforms) = postSolution
		{BC1B3697-2F79-417C-9C1C-909B81BA7CC2}.Debug|Any CPU.ActiveCfg = Debug|Any CPU
		{BC1B3697-2F79-417C-9C1C-909B81BA7CC2}.Debug|Any CPU.Build.0 = Debug|Any CPU
		{BC1B3697-2F79-417C-9C1C-909B81BA7CC2}.Release|Any CPU.ActiveCfg = Release|Any CPU
		{BC1B3697-2F79-417C-9C1C-909B81BA7CC2}.Release|Any CPU.Build.0 = Release|Any CPU
		{EB8EEE36-EB3C-4ABA-A9BC-67AEB4FB2F23}.Debug|Any CPU.ActiveCfg = Debug|Any CPU
		{EB8EEE36-EB3C-4ABA-A9BC-67AEB4FB2F23}.Debug|Any CPU.Build.0 = Debug|Any CPU
		{EB8EEE36-EB3C-4ABA-A9BC-67AEB4FB2F23}.Release|Any CPU.ActiveCfg = Release|Any CPU
		{EB8EEE36-EB3C-4ABA-A9BC-67AEB4FB2F23}.Release|Any CPU.Build.0 = Release|Any CPU
	EndGlobalSection
	GlobalSection(SolutionProperties) = preSolution
		HideSolutionNode = FALSE
	EndGlobalSection
	GlobalSection(ExtensibilityGlobals) = postSolution
		SolutionGuid = {962ECCDF-45BD-4116-BB87-5DA08EF176F8}
	EndGlobalSection
EndGlobal
